
Microsoft Visual Studio Solution File, Format Version 12.00
# Visual Studio Version 17
VisualStudioVersion = 17.5.33516.290
MinimumVisualStudioVersion = 10.0.40219.1
Project("{FAE04EC0-301F-11D3-BF4B-00C04F79EFBC}") = "Train-D", "Train-D.csproj", "{3F48D641-B257-4C54-B202-DBB6BF5FE97D}"
EndProject
Global
	GlobalSection(SolutionConfigurationPlatforms) = preSolution
		Debug|Any CPU = Debug|Any CPU
		Release|Any CPU = Release|Any CPU
	EndGlobalSection
	GlobalSection(ProjectConfigurationPlatforms) = postSolution
		{3F48D641-B257-4C54-B202-DBB6BF5FE97D}.Debug|Any CPU.ActiveCfg = Debug|Any CPU
		{3F48D641-B257-4C54-B202-DBB6BF5FE97D}.Debug|Any CPU.Build.0 = Debug|Any CPU
		{3F48D641-B257-4C54-B202-DBB6BF5FE97D}.Release|Any CPU.ActiveCfg = Release|Any CPU
		{3F48D641-B257-4C54-B202-DBB6BF5FE97D}.Release|Any CPU.Build.0 = Release|Any CPU
	EndGlobalSection
	GlobalSection(SolutionProperties) = preSolution
		HideSolutionNode = FALSE
	EndGlobalSection
	GlobalSection(ExtensibilityGlobals) = postSolution
		SolutionGuid = {F0093BA0-336F-48E3-8B4D-F595E15D69EA}
	EndGlobalSection
EndGlobal
